
Microsoft Visual Studio Solution File, Format Version 12.00
# Visual Studio 15
VisualStudioVersion = 15.0.28307.1231
MinimumVisualStudioVersion = 10.0.40219.1
Project("{2150E333-8FDC-42A3-9474-1A3956D46DE8}") = "CleanArch.Application", "CleanArch.Application", "{E229909F-234C-4E5B-A03F-B608490B8CD7}"
EndProject
Project("{2150E333-8FDC-42A3-9474-1A3956D46DE8}") = "CleanArch.Domain", "CleanArch.Domain", "{21C6E7D6-7F4D-43F6-BDDF-ADC4DB584ACD}"
EndProject
Project("{2150E333-8FDC-42A3-9474-1A3956D46DE8}") = "CleanArch.Infra.Data", "CleanArch.Infra.Data", "{8E32F9BC-D696-422F-91E6-29F18C6F6E95}"
EndProject
Project("{2150E333-8FDC-42A3-9474-1A3956D46DE8}") = "CleanArch.Infra.IoC", "CleanArch.Infra.IoC", "{1DE835D5-5047-4372-8A8F-8612016E351D}"
EndProject
Project("{2150E333-8FDC-42A3-9474-1A3956D46DE8}") = "CleanArch.UI.Mvc", "CleanArch.UI.Mvc", "{1E06EA50-1DB4-4B4D-998D-37AFC345D014}"
EndProject
Project("{FAE04EC0-301F-11D3-BF4B-00C04F79EFBC}") = "CleanArch", "..\CleanArch\CleanArch\CleanArch.csproj", "{14603495-2D50-48F6-AD39-E57DE33AE904}"
EndProject
Global
	GlobalSection(SolutionConfigurationPlatforms) = preSolution
		Debug|Any CPU = Debug|Any CPU
		Release|Any CPU = Release|Any CPU
	EndGlobalSection
	GlobalSection(ProjectConfigurationPlatforms) = postSolution
		{14603495-2D50-48F6-AD39-E57DE33AE904}.Debug|Any CPU.ActiveCfg = Debug|Any CPU
		{14603495-2D50-48F6-AD39-E57DE33AE904}.Debug|Any CPU.Build.0 = Debug|Any CPU
		{14603495-2D50-48F6-AD39-E57DE33AE904}.Release|Any CPU.ActiveCfg = Release|Any CPU
		{14603495-2D50-48F6-AD39-E57DE33AE904}.Release|Any CPU.Build.0 = Release|Any CPU
	EndGlobalSection
	GlobalSection(SolutionProperties) = preSolution
		HideSolutionNode = FALSE
	EndGlobalSection
	GlobalSection(NestedProjects) = preSolution
		{14603495-2D50-48F6-AD39-E57DE33AE904} = {1E06EA50-1DB4-4B4D-998D-37AFC345D014}
	EndGlobalSection
	GlobalSection(ExtensibilityGlobals) = postSolution
		SolutionGuid = {523B3C01-132A-494D-BB16-D95CF0E2AA38}
	EndGlobalSection
EndGlobal
